
Microsoft Visual Studio Solution File, Format Version 12.00
# Visual Studio Version 17
VisualStudioVersion = 17.3.32929.385
MinimumVisualStudioVersion = 10.0.40219.1
Project("{FAE04EC0-301F-11D3-BF4B-00C04F79EFBC}") = "hello", "hello.csproj", "{DA1EB1E8-1B09-410D-9F18-98582C4B89C8}"
EndProject
Global
	GlobalSection(SolutionConfigurationPlatforms) = preSolution
		Debug|Any CPU = Debug|Any CPU
		Release|Any CPU = Release|Any CPU
	EndGlobalSection
	GlobalSection(ProjectConfigurationPlatforms) = postSolution
		{DA1EB1E8-1B09-410D-9F18-98582C4B89C8}.Debug|Any CPU.ActiveCfg = Debug|Any CPU
		{DA1EB1E8-1B09-410D-9F18-98582C4B89C8}.Debug|Any CPU.Build.0 = Debug|Any CPU
		{DA1EB1E8-1B09-410D-9F18-98582C4B89C8}.Release|Any CPU.ActiveCfg = Release|Any CPU
		{DA1EB1E8-1B09-410D-9F18-98582C4B89C8}.Release|Any CPU.Build.0 = Release|Any CPU
	EndGlobalSection
	GlobalSection(SolutionProperties) = preSolution
		HideSolutionNode = FALSE
	EndGlobalSection
	GlobalSection(ExtensibilityGlobals) = postSolution
		SolutionGuid = {CCBE3E7E-AC7F-4736-B129-140A26876B7E}
	EndGlobalSection
EndGlobal
