
Microsoft Visual Studio Solution File, Format Version 12.00
# Visual Studio Version 17
VisualStudioVersion = 17.3.32929.385
MinimumVisualStudioVersion = 10.0.40219.1
Project("{FAE04EC0-301F-11D3-BF4B-00C04F79EFBC}") = "tamgiac", "tamgiac.csproj", "{83A7C64C-7190-4D0C-881A-C7DCCD5DDA16}"
EndProject
Global
	GlobalSection(SolutionConfigurationPlatforms) = preSolution
		Debug|Any CPU = Debug|Any CPU
		Release|Any CPU = Release|Any CPU
	EndGlobalSection
	GlobalSection(ProjectConfigurationPlatforms) = postSolution
		{83A7C64C-7190-4D0C-881A-C7DCCD5DDA16}.Debug|Any CPU.ActiveCfg = Debug|Any CPU
		{83A7C64C-7190-4D0C-881A-C7DCCD5DDA16}.Debug|Any CPU.Build.0 = Debug|Any CPU
		{83A7C64C-7190-4D0C-881A-C7DCCD5DDA16}.Release|Any CPU.ActiveCfg = Release|Any CPU
		{83A7C64C-7190-4D0C-881A-C7DCCD5DDA16}.Release|Any CPU.Build.0 = Release|Any CPU
	EndGlobalSection
	GlobalSection(SolutionProperties) = preSolution
		HideSolutionNode = FALSE
	EndGlobalSection
	GlobalSection(ExtensibilityGlobals) = postSolution
		SolutionGuid = {02ED4535-6864-44C2-B1E1-DEECF215FCA8}
	EndGlobalSection
EndGlobal
